{
  "name": "website",
  "lockfileVersion": 2,
  "requires": true,
  "packages": {
    "": {
      "dependencies": {
        "air-datepicker": "^3.1.1"
      }
    },
    "node_modules/air-datepicker": {
      "version": "3.1.1",
      "resolved": "https://registry.npmjs.org/air-datepicker/-/air-datepicker-3.1.1.tgz",
      "integrity": "sha512-QIAwwgMa/leffhWj4Oegt+ReKDZy2li35glWjp3pJLCnWCh5fGS6dWINwztY42J7KhXSm7M33jXWl24tpP/h5A=="
    }
  },
  "dependencies": {
    "air-datepicker": {
      "version": "3.1.1",
      "resolved": "https://registry.npmjs.org/air-datepicker/-/air-datepicker-3.1.1.tgz",
      "integrity": "sha512-QIAwwgMa/leffhWj4Oegt+ReKDZy2li35glWjp3pJLCnWCh5fGS6dWINwztY42J7KhXSm7M33jXWl24tpP/h5A=="
    }
  }
}
